
Microsoft Visual Studio Solution File, Format Version 12.00
# Visual Studio Version 17
VisualStudioVersion = 17.3.32922.545
MinimumVisualStudioVersion = 10.0.40219.1
Project("{FAE04EC0-301F-11D3-BF4B-00C04F79EFBC}") = "WebAppG6_19", "WebAppG6_19\WebAppG6_19.csproj", "{31CC353F-AB4A-4C79-AFC3-1411062946DD}"
EndProject
Global
	GlobalSection(SolutionConfigurationPlatforms) = preSolution
		Debug|Any CPU = Debug|Any CPU
		Release|Any CPU = Release|Any CPU
	EndGlobalSection
	GlobalSection(ProjectConfigurationPlatforms) = postSolution
		{31CC353F-AB4A-4C79-AFC3-1411062946DD}.Debug|Any CPU.ActiveCfg = Debug|Any CPU
		{31CC353F-AB4A-4C79-AFC3-1411062946DD}.Debug|Any CPU.Build.0 = Debug|Any CPU
		{31CC353F-AB4A-4C79-AFC3-1411062946DD}.Release|Any CPU.ActiveCfg = Release|Any CPU
		{31CC353F-AB4A-4C79-AFC3-1411062946DD}.Release|Any CPU.Build.0 = Release|Any CPU
	EndGlobalSection
	GlobalSection(SolutionProperties) = preSolution
		HideSolutionNode = FALSE
	EndGlobalSection
	GlobalSection(ExtensibilityGlobals) = postSolution
		SolutionGuid = {5CAD5CD3-ED15-44D8-AD73-E69028692148}
	EndGlobalSection
	GlobalSection(TeamFoundationVersionControl) = preSolution
		SccNumberOfProjects = 2
		SccEnterpriseProvider = {4CA58AB2-18FA-4F8D-95D4-32DDF27D184C}
		SccTeamFoundationServer = https://dev.azure.com/g6-19
		SccLocalPath0 = .
		SccProjectUniqueName1 = WebAppG6_19\\WebAppG6_19.csproj
		SccProjectName1 = WebAppG6_19
		SccLocalPath1 = WebAppG6_19
	EndGlobalSection
EndGlobal
